// !$*UTF8*$!
{
	archiveVersion = 1;
	classes = {
	};
	objectVersion = 46;
	objects = {

/* Begin PBXBuildFile section */
		8E53BEBB15E396C50039B3DF /* ViewController.xib in Resources */ = {isa = PBXBuildFile; fileRef = FCD714C3C357E4F8C06204B1 /* ViewController.xib */; };
		8E53BEDF15E39D750039B3DF /* UIWindow+MySendEvent.m in Sources */ = {isa = PBXBuildFile; fileRef = 8E53BEDE15E39D750039B3DF /* UIWindow+MySendEvent.m */; };
		8E53BEE015E39D750039B3DF /* UIWindow+MySendEvent.m in Sources */ = {isa = PBXBuildFile; fileRef = 8E53BEDE15E39D750039B3DF /* UIWindow+MySendEvent.m */; };
		FCD71008FFD291028BDEF212 /* handleMax.png in Resources */ = {isa = PBXBuildFile; fileRef = FCD7155A066A9A46AEDB3AE1 /* handleMax.png */; };
		FCD71031351CF01F764394E7 /* handleMax.png in Resources */ = {isa = PBXBuildFile; fileRef = FCD7155A066A9A46AEDB3AE1 /* handleMax.png */; };
		FCD7106EBA739290EADE2985 /* THDoubleSlider.m in Sources */ = {isa = PBXBuildFile; fileRef = FCD7154517D66BF82340D967 /* THDoubleSlider.m */; };
		FCD7107765D36B992D8BDC06 /* THDoubleSliderHandle.m in Sources */ = {isa = PBXBuildFile; fileRef = FCD718B12476CEE8B4372007 /* THDoubleSliderHandle.m */; };
		FCD71144E7A8D9168EF37E38 /* THDoubleSlider.m in Sources */ = {isa = PBXBuildFile; fileRef = FCD7154517D66BF82340D967 /* THDoubleSlider.m */; };
		FCD711910A72CEE653E3A3CC /* ViewController.xib in Resources */ = {isa = PBXBuildFile; fileRef = FCD714C3C357E4F8C06204B1 /* ViewController.xib */; };
		FCD71198B5C7F2C8062453FE /* Foundation.framework in Frameworks */ = {isa = PBXBuildFile; fileRef = FCD711B21AF09FF0F4077919 /* Foundation.framework */; };
		FCD711C79B1DF548A66E78BC /* SenTestingKit.framework in Frameworks */ = {isa = PBXBuildFile; fileRef = FCD717BCF02C3EB7B994BB63 /* SenTestingKit.framework */; };
		FCD7121FACA72859ECCD46F9 /* InfoPlist.strings in Resources */ = {isa = PBXBuildFile; fileRef = FCD7110BE7603494019F83E3 /* InfoPlist.strings */; };
		FCD712471D6E31ADE242566C /* UIColor+MoreColors.m in Sources */ = {isa = PBXBuildFile; fileRef = FCD719F4F1C9F68AF25377F8 /* UIColor+MoreColors.m */; };
		FCD712C6DBD8786077140842 /* JRSwizzle.m in Sources */ = {isa = PBXBuildFile; fileRef = FCD71B240260CF54B8703B8D /* JRSwizzle.m */; };
		FCD712DBC99FAB01E18A2D80 /* main.m in Sources */ = {isa = PBXBuildFile; fileRef = FCD71791D5E1F2207359C020 /* main.m */; };
		FCD71383FFD7B3A2BB0A1B18 /* UIKit.framework in Frameworks */ = {isa = PBXBuildFile; fileRef = FCD71CB094C07BA23268BA06 /* UIKit.framework */; };
		FCD713C540A81C05039F2397 /* JRSwizzle.m in Sources */ = {isa = PBXBuildFile; fileRef = FCD71B240260CF54B8703B8D /* JRSwizzle.m */; };
		FCD713E5B39C18530E33420E /* handleMin.png in Resources */ = {isa = PBXBuildFile; fileRef = FCD71F706F0FE858AEE30A6D /* handleMin.png */; };
		FCD7149ED6A049D4D25D60FB /* handle.png in Resources */ = {isa = PBXBuildFile; fileRef = FCD714A36AA9CAB8A5F7958C /* handle.png */; };
		FCD7156D5CC0D6C472880A21 /* UIView+InnerShadow.m in Sources */ = {isa = PBXBuildFile; fileRef = FCD71F6C7A970752E0829B65 /* UIView+InnerShadow.m */; };
		FCD715AD74BDFAA340BE5F3F /* THDoubleSliderTests.m in Sources */ = {isa = PBXBuildFile; fileRef = FCD71483D741530301B1BE88 /* THDoubleSliderTests.m */; };
		FCD71851671C5E15A0562ADC /* CoreGraphics.framework in Frameworks */ = {isa = PBXBuildFile; fileRef = FCD71CF00977EEB087707E44 /* CoreGraphics.framework */; };
		FCD718A0AB00E45AC368F806 /* THSliderBar.m in Sources */ = {isa = PBXBuildFile; fileRef = FCD71F22EC583B430B0422AB /* THSliderBar.m */; };
		FCD718A223E4125FCCAB17A4 /* QuartzCore.framework in Frameworks */ = {isa = PBXBuildFile; fileRef = FCD71A5B67C948A12D50EF5E /* QuartzCore.framework */; };
		FCD719BDE564BD259CDBA8F0 /* handleMin.png in Resources */ = {isa = PBXBuildFile; fileRef = FCD71F706F0FE858AEE30A6D /* handleMin.png */; };
		FCD71A0652E8833A1A62F7F5 /* UIView+InnerShadow.m in Sources */ = {isa = PBXBuildFile; fileRef = FCD71F6C7A970752E0829B65 /* UIView+InnerShadow.m */; };
		FCD71A47955E21C8FCCA00DD /* THSliderBar.m in Sources */ = {isa = PBXBuildFile; fileRef = FCD71F22EC583B430B0422AB /* THSliderBar.m */; };
		FCD71B08E54A97D13A511B78 /* UIColor+MoreColors.m in Sources */ = {isa = PBXBuildFile; fileRef = FCD719F4F1C9F68AF25377F8 /* UIColor+MoreColors.m */; };
		FCD71C18BBBAF7FD766E90A4 /* AppDelegate.m in Sources */ = {isa = PBXBuildFile; fileRef = FCD7197EA001A97D95D95E2C /* AppDelegate.m */; };
		FCD71CF6ED2674F148B1141F /* handle.png in Resources */ = {isa = PBXBuildFile; fileRef = FCD714A36AA9CAB8A5F7958C /* handle.png */; };
		FCD71D8B01211E3DC0BE3331 /* InfoPlist.strings in Resources */ = {isa = PBXBuildFile; fileRef = FCD71527EDA88634850D203E /* InfoPlist.strings */; };
		FCD71D992DEFC6691E6AADDF /* handle_highlight.png in Resources */ = {isa = PBXBuildFile; fileRef = FCD717BCC23BC36E14A24D2C /* handle_highlight.png */; };
		FCD71DADDD0312DDF5CD558C /* UIKit.framework in Frameworks */ = {isa = PBXBuildFile; fileRef = FCD71CB094C07BA23268BA06 /* UIKit.framework */; };
		FCD71E7A0D891E5EE96C45FF /* handle_highlight.png in Resources */ = {isa = PBXBuildFile; fileRef = FCD717BCC23BC36E14A24D2C /* handle_highlight.png */; };
		FCD71E831957A75474EF94A8 /* Foundation.framework in Frameworks */ = {isa = PBXBuildFile; fileRef = FCD711B21AF09FF0F4077919 /* Foundation.framework */; };
		FCD71EB1B2B58834FA8E918D /* ViewController.m in Sources */ = {isa = PBXBuildFile; fileRef = FCD7120DC1E4CB21842B3688 /* ViewController.m */; };
		FCD71EEDE29CB92A0A4F7C26 /* THDoubleSliderHandle.m in Sources */ = {isa = PBXBuildFile; fileRef = FCD718B12476CEE8B4372007 /* THDoubleSliderHandle.m */; };
/* End PBXBuildFile section */

/* Begin PBXContainerItemProxy section */
		FCD71898E4757E03528BBCAE /* PBXContainerItemProxy */ = {
			isa = PBXContainerItemProxy;
			containerPortal = FCD716F8D9AC7034989AA4F2 /* Project object */;
			proxyType = 1;
			remoteGlobalIDString = FCD71C110B8368FA0E1F6B4A;
			remoteInfo = THDoubleSlider;
		};
/* End PBXContainerItemProxy section */

/* Begin PBXFileReference section */
		8E53BEDD15E39D750039B3DF /* UIWindow+MySendEvent.h */ = {isa = PBXFileReference; fileEncoding = 4; lastKnownFileType = sourcecode.c.h; path = "UIWindow+MySendEvent.h"; sourceTree = "<group>"; };
		8E53BEDE15E39D750039B3DF /* UIWindow+MySendEvent.m */ = {isa = PBXFileReference; fileEncoding = 4; lastKnownFileType = sourcecode.c.objc; path = "UIWindow+MySendEvent.m"; sourceTree = "<group>"; };
		FCD710E8443443C5DBBBF874 /* THSliderBar.h */ = {isa = PBXFileReference; fileEncoding = 4; lastKnownFileType = sourcecode.c.h; path = THSliderBar.h; sourceTree = "<group>"; };
		FCD711B21AF09FF0F4077919 /* Foundation.framework */ = {isa = PBXFileReference; lastKnownFileType = wrapper.framework; name = Foundation.framework; path = System/Library/Frameworks/Foundation.framework; sourceTree = SDKROOT; };
		FCD7120DC1E4CB21842B3688 /* ViewController.m */ = {isa = PBXFileReference; lastKnownFileType = sourcecode.c.objc; path = ViewController.m; sourceTree = "<group>"; };
		FCD712B12B743A146160BBEA /* UIView+InnerShadow.h */ = {isa = PBXFileReference; fileEncoding = 4; lastKnownFileType = sourcecode.c.h; path = "UIView+InnerShadow.h"; sourceTree = "<group>"; };
		FCD71369ECCA9B5E25F28EBF /* ViewController.h */ = {isa = PBXFileReference; lastKnownFileType = sourcecode.c.h; path = ViewController.h; sourceTree = "<group>"; };
		FCD713ACD7E450FE02E90F67 /* THDoubleSlider.h */ = {isa = PBXFileReference; fileEncoding = 4; lastKnownFileType = sourcecode.c.h; path = THDoubleSlider.h; sourceTree = "<group>"; };
		FCD7140DAD4914B5F578B031 /* THDoubleSlider.app */ = {isa = PBXFileReference; explicitFileType = wrapper.application; includeInIndex = 0; path = THDoubleSlider.app; sourceTree = BUILT_PRODUCTS_DIR; };
		FCD71483D741530301B1BE88 /* THDoubleSliderTests.m */ = {isa = PBXFileReference; lastKnownFileType = sourcecode.c.objc; path = THDoubleSliderTests.m; sourceTree = "<group>"; };
		FCD714A36AA9CAB8A5F7958C /* handle.png */ = {isa = PBXFileReference; lastKnownFileType = image.png; path = handle.png; sourceTree = "<group>"; };
		FCD7154517D66BF82340D967 /* THDoubleSlider.m */ = {isa = PBXFileReference; fileEncoding = 4; lastKnownFileType = sourcecode.c.objc; path = THDoubleSlider.m; sourceTree = "<group>"; };
		FCD7155A066A9A46AEDB3AE1 /* handleMax.png */ = {isa = PBXFileReference; lastKnownFileType = image.png; path = handleMax.png; sourceTree = "<group>"; };
		FCD71593C4C4905F8B4045BE /* en */ = {isa = PBXFileReference; lastKnownFileType = text.plist.strings; name = en; path = en.lproj/InfoPlist.strings; sourceTree = "<group>"; };
		FCD715B9240897FA832394AE /* AppDelegate.h */ = {isa = PBXFileReference; lastKnownFileType = sourcecode.c.h; path = AppDelegate.h; sourceTree = "<group>"; };
		FCD71791D5E1F2207359C020 /* main.m */ = {isa = PBXFileReference; lastKnownFileType = sourcecode.c.objc; path = main.m; sourceTree = "<group>"; };
		FCD717BCC23BC36E14A24D2C /* handle_highlight.png */ = {isa = PBXFileReference; lastKnownFileType = image.png; path = handle_highlight.png; sourceTree = "<group>"; };
		FCD717BCF02C3EB7B994BB63 /* SenTestingKit.framework */ = {isa = PBXFileReference; lastKnownFileType = wrapper.framework; name = SenTestingKit.framework; path = Library/Frameworks/SenTestingKit.framework; sourceTree = DEVELOPER_DIR; };
		FCD718B12476CEE8B4372007 /* THDoubleSliderHandle.m */ = {isa = PBXFileReference; fileEncoding = 4; lastKnownFileType = sourcecode.c.objc; path = THDoubleSliderHandle.m; sourceTree = "<group>"; };
		FCD7195AF543A9C9B59C42B6 /* THDoubleSliderTests-Info.plist */ = {isa = PBXFileReference; lastKnownFileType = text.plist.info; path = "THDoubleSliderTests-Info.plist"; sourceTree = "<group>"; };
		FCD7197EA001A97D95D95E2C /* AppDelegate.m */ = {isa = PBXFileReference; lastKnownFileType = sourcecode.c.objc; path = AppDelegate.m; sourceTree = "<group>"; };
		FCD719F4F1C9F68AF25377F8 /* UIColor+MoreColors.m */ = {isa = PBXFileReference; fileEncoding = 4; lastKnownFileType = sourcecode.c.objc; path = "UIColor+MoreColors.m"; sourceTree = "<group>"; };
		FCD71A1707C5B366A6C3360F /* en */ = {isa = PBXFileReference; lastKnownFileType = text.plist.strings; name = en; path = en.lproj/InfoPlist.strings; sourceTree = "<group>"; };
		FCD71A59315EF4ABB45805F9 /* THDoubleSliderTests.octest */ = {isa = PBXFileReference; explicitFileType = wrapper.cfbundle; includeInIndex = 0; path = THDoubleSliderTests.octest; sourceTree = BUILT_PRODUCTS_DIR; };
		FCD71A5B67C948A12D50EF5E /* QuartzCore.framework */ = {isa = PBXFileReference; lastKnownFileType = wrapper.framework; name = QuartzCore.framework; path = System/Library/Frameworks/QuartzCore.framework; sourceTree = SDKROOT; };
		FCD71A780008B4E0C2D0AD4F /* JRSwizzle.h */ = {isa = PBXFileReference; fileEncoding = 4; lastKnownFileType = sourcecode.c.h; path = JRSwizzle.h; sourceTree = "<group>"; };
		FCD71A7BE8BA275320FE42D4 /* THDoubleSlider-Prefix.pch */ = {isa = PBXFileReference; lastKnownFileType = sourcecode.c.h; path = "THDoubleSlider-Prefix.pch"; sourceTree = "<group>"; };
		FCD71B240260CF54B8703B8D /* JRSwizzle.m */ = {isa = PBXFileReference; fileEncoding = 4; lastKnownFileType = sourcecode.c.objc; path = JRSwizzle.m; sourceTree = "<group>"; };
		FCD71B9DA2172859F4DF9DEA /* ViewController.xib */ = {isa = PBXFileReference; lastKnownFileType = file.xib; name = ViewController.xib; path = ../en.lproj/ViewController.xib; sourceTree = "<group>"; };
		FCD71CB094C07BA23268BA06 /* UIKit.framework */ = {isa = PBXFileReference; lastKnownFileType = wrapper.framework; name = UIKit.framework; path = System/Library/Frameworks/UIKit.framework; sourceTree = SDKROOT; };
		FCD71CF00977EEB087707E44 /* CoreGraphics.framework */ = {isa = PBXFileReference; lastKnownFileType = wrapper.framework; name = CoreGraphics.framework; path = System/Library/Frameworks/CoreGraphics.framework; sourceTree = SDKROOT; };
		FCD71E50B95A58DF07299C82 /* THDoubleSlider-Info.plist */ = {isa = PBXFileReference; lastKnownFileType = text.plist.info; path = "THDoubleSlider-Info.plist"; sourceTree = "<group>"; };
		FCD71E675ACC8CD7635F73B9 /* THDoubleSliderTests.h */ = {isa = PBXFileReference; lastKnownFileType = sourcecode.c.h; path = THDoubleSliderTests.h; sourceTree = "<group>"; };
		FCD71F22EC583B430B0422AB /* THSliderBar.m */ = {isa = PBXFileReference; fileEncoding = 4; lastKnownFileType = sourcecode.c.objc; path = THSliderBar.m; sourceTree = "<group>"; };
		FCD71F6C7A970752E0829B65 /* UIView+InnerShadow.m */ = {isa = PBXFileReference; fileEncoding = 4; lastKnownFileType = sourcecode.c.objc; path = "UIView+InnerShadow.m"; sourceTree = "<group>"; };
		FCD71F706F0FE858AEE30A6D /* handleMin.png */ = {isa = PBXFileReference; lastKnownFileType = image.png; path = handleMin.png; sourceTree = "<group>"; };
		FCD71FB2E36E0FFEB6D6A561 /* UIColor+MoreColors.h */ = {isa = PBXFileReference; fileEncoding = 4; lastKnownFileType = sourcecode.c.h; path = "UIColor+MoreColors.h"; sourceTree = "<group>"; };
		FCD71FEFE247A08F36927423 /* THDoubleSliderHandle.h */ = {isa = PBXFileReference; fileEncoding = 4; lastKnownFileType = sourcecode.c.h; path = THDoubleSliderHandle.h; sourceTree = "<group>"; };
/* End PBXFileReference section */

/* Begin PBXFrameworksBuildPhase section */
		FCD71B371A2F2E43FB1A60B4 /* Frameworks */ = {
			isa = PBXFrameworksBuildPhase;
			buildActionMask = 2147483647;
			files = (
				FCD711C79B1DF548A66E78BC /* SenTestingKit.framework in Frameworks */,
				FCD71383FFD7B3A2BB0A1B18 /* UIKit.framework in Frameworks */,
				FCD71198B5C7F2C8062453FE /* Foundation.framework in Frameworks */,
			);
			runOnlyForDeploymentPostprocessing = 0;
		};
		FCD71C33A20848C7B3DFD2F0 /* Frameworks */ = {
			isa = PBXFrameworksBuildPhase;
			buildActionMask = 2147483647;
			files = (
				FCD71DADDD0312DDF5CD558C /* UIKit.framework in Frameworks */,
				FCD71E831957A75474EF94A8 /* Foundation.framework in Frameworks */,
				FCD71851671C5E15A0562ADC /* CoreGraphics.framework in Frameworks */,
				FCD718A223E4125FCCAB17A4 /* QuartzCore.framework in Frameworks */,
			);
			runOnlyForDeploymentPostprocessing = 0;
		};
/* End PBXFrameworksBuildPhase section */

/* Begin PBXGroup section */
		FCD71040B2C6923CCB30F5F0 /* THDoubleSlider */ = {
			isa = PBXGroup;
			children = (
				FCD7157B8D7561DB9A9E52C2 /* Supporting Files */,
				FCD717E31F28F859019BA10C /* example */,
				FCD71AC2B4EB57740E33CAE7 /* classes */,
				FCD71BE4D7B1B8FBBC5488A5 /* submodules */,
				FCD71375C37DE8527D8EA467 /* resources */,
			);
			path = THDoubleSlider;
			sourceTree = "<group>";
		};
		FCD71375C37DE8527D8EA467 /* resources */ = {
			isa = PBXGroup;
			children = (
				FCD71F706F0FE858AEE30A6D /* handleMin.png */,
				FCD7155A066A9A46AEDB3AE1 /* handleMax.png */,
				FCD714A36AA9CAB8A5F7958C /* handle.png */,
				FCD717BCC23BC36E14A24D2C /* handle_highlight.png */,
			);
			path = resources;
			sourceTree = "<group>";
		};
		FCD7157B8D7561DB9A9E52C2 /* Supporting Files */ = {
			isa = PBXGroup;
			children = (
				FCD71A7BE8BA275320FE42D4 /* THDoubleSlider-Prefix.pch */,
				FCD71791D5E1F2207359C020 /* main.m */,
				FCD7110BE7603494019F83E3 /* InfoPlist.strings */,
				FCD71E50B95A58DF07299C82 /* THDoubleSlider-Info.plist */,
			);
			name = "Supporting Files";
			sourceTree = "<group>";
		};
		FCD71719B49D92C6CF1DAD56 /* Frameworks */ = {
			isa = PBXGroup;
			children = (
				FCD71A5B67C948A12D50EF5E /* QuartzCore.framework */,
				FCD717BCF02C3EB7B994BB63 /* SenTestingKit.framework */,
				FCD71CF00977EEB087707E44 /* CoreGraphics.framework */,
				FCD711B21AF09FF0F4077919 /* Foundation.framework */,
				FCD71CB094C07BA23268BA06 /* UIKit.framework */,
			);
			name = Frameworks;
			sourceTree = "<group>";
		};
		FCD717D94A19221CF62B6895 = {
			isa = PBXGroup;
			children = (
				FCD71BD5B8A835D108C66139 /* Products */,
				FCD71719B49D92C6CF1DAD56 /* Frameworks */,
				FCD71040B2C6923CCB30F5F0 /* THDoubleSlider */,
				FCD71E3DA91DDD23A3C9411D /* THDoubleSliderTests */,
			);
			sourceTree = "<group>";
		};
		FCD717E31F28F859019BA10C /* example */ = {
			isa = PBXGroup;
			children = (
				FCD7120DC1E4CB21842B3688 /* ViewController.m */,
				FCD71369ECCA9B5E25F28EBF /* ViewController.h */,
				FCD7197EA001A97D95D95E2C /* AppDelegate.m */,
				FCD715B9240897FA832394AE /* AppDelegate.h */,
				FCD714C3C357E4F8C06204B1 /* ViewController.xib */,
			);
			path = example;
			sourceTree = "<group>";
		};
		FCD71AC2B4EB57740E33CAE7 /* classes */ = {
			isa = PBXGroup;
			children = (
				FCD71F22EC583B430B0422AB /* THSliderBar.m */,
				FCD710E8443443C5DBBBF874 /* THSliderBar.h */,
				FCD718B12476CEE8B4372007 /* THDoubleSliderHandle.m */,
				FCD71FEFE247A08F36927423 /* THDoubleSliderHandle.h */,
				FCD7154517D66BF82340D967 /* THDoubleSlider.m */,
				FCD713ACD7E450FE02E90F67 /* THDoubleSlider.h */,
				8E53BEDD15E39D750039B3DF /* UIWindow+MySendEvent.h */,
				8E53BEDE15E39D750039B3DF /* UIWindow+MySendEvent.m */,
			);
			path = classes;
			sourceTree = "<group>";
		};
		FCD71BD5B8A835D108C66139 /* Products */ = {
			isa = PBXGroup;
			children = (
				FCD7140DAD4914B5F578B031 /* THDoubleSlider.app */,
				FCD71A59315EF4ABB45805F9 /* THDoubleSliderTests.octest */,
			);
			name = Products;
			sourceTree = "<group>";
		};
		FCD71BE4D7B1B8FBBC5488A5 /* submodules */ = {
			isa = PBXGroup;
			children = (
				FCD71B240260CF54B8703B8D /* JRSwizzle.m */,
				FCD71A780008B4E0C2D0AD4F /* JRSwizzle.h */,
				FCD71F6C7A970752E0829B65 /* UIView+InnerShadow.m */,
				FCD712B12B743A146160BBEA /* UIView+InnerShadow.h */,
				FCD719F4F1C9F68AF25377F8 /* UIColor+MoreColors.m */,
				FCD71FB2E36E0FFEB6D6A561 /* UIColor+MoreColors.h */,
			);
			path = submodules;
			sourceTree = "<group>";
		};
		FCD71E3DA91DDD23A3C9411D /* THDoubleSliderTests */ = {
			isa = PBXGroup;
			children = (
				FCD71483D741530301B1BE88 /* THDoubleSliderTests.m */,
				FCD71E675ACC8CD7635F73B9 /* THDoubleSliderTests.h */,
				FCD71F6607C61A4C6538136C /* Supporting Files */,
			);
			path = THDoubleSliderTests;
			sourceTree = "<group>";
		};
		FCD71F6607C61A4C6538136C /* Supporting Files */ = {
			isa = PBXGroup;
			children = (
				FCD71527EDA88634850D203E /* InfoPlist.strings */,
				FCD7195AF543A9C9B59C42B6 /* THDoubleSliderTests-Info.plist */,
			);
			name = "Supporting Files";
			sourceTree = "<group>";
		};
/* End PBXGroup section */

/* Begin PBXNativeTarget section */
		FCD7107826EEA388CCDD4C66 /* THDoubleSliderTests */ = {
			isa = PBXNativeTarget;
			buildConfigurationList = FCD71B806A1D03B5C228FB79 /* Build configuration list for PBXNativeTarget "THDoubleSliderTests" */;
			buildPhases = (
				FCD71AA10C0B548C71DA321E /* Sources */,
				FCD71B371A2F2E43FB1A60B4 /* Frameworks */,
				FCD71C145B726FE7A3E124EE /* Resources */,
				FCD7102ED4299E7AC498A1B6 /* ShellScript */,
			);
			buildRules = (
			);
			dependencies = (
				FCD716DC99C1D55FB5787F35 /* PBXTargetDependency */,
			);
			name = THDoubleSliderTests;
			productName = THDoubleSliderTests;
			productReference = FCD71A59315EF4ABB45805F9 /* THDoubleSliderTests.octest */;
			productType = "com.apple.product-type.bundle";
		};
		FCD71C110B8368FA0E1F6B4A /* THDoubleSlider */ = {
			isa = PBXNativeTarget;
			buildConfigurationList = FCD712242019830EA9B79E8B /* Build configuration list for PBXNativeTarget "THDoubleSlider" */;
			buildPhases = (
				FCD71E5FC35F757CC20DD250 /* Sources */,
				FCD71C33A20848C7B3DFD2F0 /* Frameworks */,
				FCD713CAF4529C192E2F393B /* Resources */,
			);
			buildRules = (
			);
			dependencies = (
			);
			name = THDoubleSlider;
			productName = THDoubleSlider;
			productReference = FCD7140DAD4914B5F578B031 /* THDoubleSlider.app */;
			productType = "com.apple.product-type.application";
		};
/* End PBXNativeTarget section */

/* Begin PBXProject section */
		FCD716F8D9AC7034989AA4F2 /* Project object */ = {
			isa = PBXProject;
			buildConfigurationList = FCD71205E243332D145A44C7 /* Build configuration list for PBXProject "THDoubleSlider" */;
			compatibilityVersion = "Xcode 3.2";
			developmentRegion = English;
			hasScannedForEncodings = 0;
			knownRegions = (
				en,
			);
			mainGroup = FCD717D94A19221CF62B6895;
			productRefGroup = FCD71BD5B8A835D108C66139 /* Products */;
			projectDirPath = "";
			projectRoot = "";
			targets = (
				FCD71C110B8368FA0E1F6B4A /* THDoubleSlider */,
				FCD7107826EEA388CCDD4C66 /* THDoubleSliderTests */,
			);
		};
/* End PBXProject section */

/* Begin PBXResourcesBuildPhase section */
		FCD713CAF4529C192E2F393B /* Resources */ = {
			isa = PBXResourcesBuildPhase;
			buildActionMask = 2147483647;
			files = (
				FCD7121FACA72859ECCD46F9 /* InfoPlist.strings in Resources */,
				FCD711910A72CEE653E3A3CC /* ViewController.xib in Resources */,
				FCD71E7A0D891E5EE96C45FF /* handle_highlight.png in Resources */,
				FCD71CF6ED2674F148B1141F /* handle.png in Resources */,
				FCD71031351CF01F764394E7 /* handleMax.png in Resources */,
				FCD719BDE564BD259CDBA8F0 /* handleMin.png in Resources */,
			);
			runOnlyForDeploymentPostprocessing = 0;
		};
		FCD71C145B726FE7A3E124EE /* Resources */ = {
			isa = PBXResourcesBuildPhase;
			buildActionMask = 2147483647;
			files = (
				FCD71D8B01211E3DC0BE3331 /* InfoPlist.strings in Resources */,
				8E53BEBB15E396C50039B3DF /* ViewController.xib in Resources */,
				FCD71D992DEFC6691E6AADDF /* handle_highlight.png in Resources */,
				FCD7149ED6A049D4D25D60FB /* handle.png in Resources */,
				FCD71008FFD291028BDEF212 /* handleMax.png in Resources */,
				FCD713E5B39C18530E33420E /* handleMin.png in Resources */,
			);
			runOnlyForDeploymentPostprocessing = 0;
		};
/* End PBXResourcesBuildPhase section */

/* Begin PBXShellScriptBuildPhase section */
		FCD7102ED4299E7AC498A1B6 /* ShellScript */ = {
			isa = PBXShellScriptBuildPhase;
			buildActionMask = 2147483647;
			files = (
			);
			inputPaths = (
			);
			outputPaths = (
			);
			runOnlyForDeploymentPostprocessing = 0;
			shellPath = /bin/sh;
			shellScript = "# Run the unit tests in this test bundle.\n\"${SYSTEM_DEVELOPER_DIR}/Tools/RunUnitTests\"\n";
		};
/* End PBXShellScriptBuildPhase section */

/* Begin PBXSourcesBuildPhase section */
		FCD71AA10C0B548C71DA321E /* Sources */ = {
			isa = PBXSourcesBuildPhase;
			buildActionMask = 2147483647;
			files = (
				FCD715AD74BDFAA340BE5F3F /* THDoubleSliderTests.m in Sources */,
				FCD71B08E54A97D13A511B78 /* UIColor+MoreColors.m in Sources */,
				FCD71A0652E8833A1A62F7F5 /* UIView+InnerShadow.m in Sources */,
				FCD7106EBA739290EADE2985 /* THDoubleSlider.m in Sources */,
				FCD71EEDE29CB92A0A4F7C26 /* THDoubleSliderHandle.m in Sources */,
				FCD71A47955E21C8FCCA00DD /* THSliderBar.m in Sources */,
				FCD713C540A81C05039F2397 /* JRSwizzle.m in Sources */,
				8E53BEE015E39D750039B3DF /* UIWindow+MySendEvent.m in Sources */,
			);
			runOnlyForDeploymentPostprocessing = 0;
		};
		FCD71E5FC35F757CC20DD250 /* Sources */ = {
			isa = PBXSourcesBuildPhase;
			buildActionMask = 2147483647;
			files = (
				FCD712DBC99FAB01E18A2D80 /* main.m in Sources */,
				FCD71C18BBBAF7FD766E90A4 /* AppDelegate.m in Sources */,
				FCD71EB1B2B58834FA8E918D /* ViewController.m in Sources */,
				FCD712471D6E31ADE242566C /* UIColor+MoreColors.m in Sources */,
				FCD7156D5CC0D6C472880A21 /* UIView+InnerShadow.m in Sources */,
				FCD71144E7A8D9168EF37E38 /* THDoubleSlider.m in Sources */,
				FCD7107765D36B992D8BDC06 /* THDoubleSliderHandle.m in Sources */,
				FCD718A0AB00E45AC368F806 /* THSliderBar.m in Sources */,
				FCD712C6DBD8786077140842 /* JRSwizzle.m in Sources */,
				8E53BEDF15E39D750039B3DF /* UIWindow+MySendEvent.m in Sources */,
			);
			runOnlyForDeploymentPostprocessing = 0;
		};
/* End PBXSourcesBuildPhase section */

/* Begin PBXTargetDependency section */
		FCD716DC99C1D55FB5787F35 /* PBXTargetDependency */ = {
			isa = PBXTargetDependency;
			target = FCD71C110B8368FA0E1F6B4A /* THDoubleSlider */;
			targetProxy = FCD71898E4757E03528BBCAE /* PBXContainerItemProxy */;
		};
/* End PBXTargetDependency section */

/* Begin PBXVariantGroup section */
		FCD7110BE7603494019F83E3 /* InfoPlist.strings */ = {
			isa = PBXVariantGroup;
			children = (
				FCD71A1707C5B366A6C3360F /* en */,
			);
			name = InfoPlist.strings;
			sourceTree = "<group>";
		};
		FCD714C3C357E4F8C06204B1 /* ViewController.xib */ = {
			isa = PBXVariantGroup;
			children = (
				FCD71B9DA2172859F4DF9DEA /* ViewController.xib */,
			);
			name = ViewController.xib;
			sourceTree = "<group>";
		};
		FCD71527EDA88634850D203E /* InfoPlist.strings */ = {
			isa = PBXVariantGroup;
			children = (
				FCD71593C4C4905F8B4045BE /* en */,
			);
			name = InfoPlist.strings;
			sourceTree = "<group>";
		};
/* End PBXVariantGroup section */

/* Begin XCBuildConfiguration section */
		FCD711DAD9145AE287D2DCFD /* Debug */ = {
			isa = XCBuildConfiguration;
			buildSettings = {
				BUNDLE_LOADER = "$(BUILT_PRODUCTS_DIR)/THDoubleSlider.app/THDoubleSlider";
				FRAMEWORK_SEARCH_PATHS = (
					"\"$(SDKROOT)/Developer/Library/Frameworks\"",
					"\"$(DEVELOPER_LIBRARY_DIR)/Frameworks\"",
				);
				GCC_PRECOMPILE_PREFIX_HEADER = YES;
				GCC_PREFIX_HEADER = "THDoubleSlider/THDoubleSlider-Prefix.pch";
				INFOPLIST_FILE = "THDoubleSliderTests/THDoubleSliderTests-Info.plist";
				PRODUCT_NAME = "$(TARGET_NAME)";
				TEST_HOST = "$(BUNDLE_LOADER)";
				WRAPPER_EXTENSION = octest;
			};
			name = Debug;
		};
		FCD712D3A085DC49CFDE3301 /* Debug */ = {
			isa = XCBuildConfiguration;
			buildSettings = {
				ALWAYS_SEARCH_USER_PATHS = NO;
				ARCHS = "$(ARCHS_STANDARD_32_BIT)";
				CLANG_CXX_LANGUAGE_STANDARD = "gnu++0x";
				CLANG_ENABLE_OBJC_ARC = YES;
				CLANG_WARN__DUPLICATE_METHOD_MATCH = YES;
				"CODE_SIGN_IDENTITY[sdk=iphoneos*]" = "iPhone Developer";
				COPY_PHASE_STRIP = NO;
				GCC_C_LANGUAGE_STANDARD = gnu99;
				GCC_DYNAMIC_NO_PIC = NO;
				GCC_OPTIMIZATION_LEVEL = 0;
				GCC_PREPROCESSOR_DEFINITIONS = (
					"DEBUG=1",
					"$(inherited)",
				);
				GCC_SYMBOLS_PRIVATE_EXTERN = NO;
				GCC_VERSION = com.apple.compilers.llvm.clang.1_0;
				GCC_WARN_ABOUT_RETURN_TYPE = YES;
				GCC_WARN_UNINITIALIZED_AUTOS = YES;
				GCC_WARN_UNUSED_VARIABLE = YES;
				IPHONEOS_DEPLOYMENT_TARGET = 5.1;
				SDKROOT = iphoneos;
			};
			name = Debug;
		};
		FCD714D39C97AE539C69AC2F /* Release */ = {
			isa = XCBuildConfiguration;
			buildSettings = {
				ALWAYS_SEARCH_USER_PATHS = NO;
				ARCHS = "$(ARCHS_STANDARD_32_BIT)";
				CLANG_CXX_LANGUAGE_STANDARD = "gnu++0x";
				CLANG_ENABLE_OBJC_ARC = YES;
				CLANG_WARN__DUPLICATE_METHOD_MATCH = YES;
				"CODE_SIGN_IDENTITY[sdk=iphoneos*]" = "iPhone Developer";
				COPY_PHASE_STRIP = YES;
				GCC_C_LANGUAGE_STANDARD = gnu99;
				GCC_VERSION = com.apple.compilers.llvm.clang.1_0;
				GCC_WARN_ABOUT_RETURN_TYPE = YES;
				GCC_WARN_UNINITIALIZED_AUTOS = YES;
				GCC_WARN_UNUSED_VARIABLE = YES;
				IPHONEOS_DEPLOYMENT_TARGET = 5.1;
				OTHER_CFLAGS = "-DNS_BLOCK_ASSERTIONS=1";
				SDKROOT = iphoneos;
				VALIDATE_PRODUCT = YES;
			};
			name = Release;
		};
		FCD714E5432F5573EC39D0C7 /* Debug */ = {
			isa = XCBuildConfiguration;
			buildSettings = {
				GCC_PRECOMPILE_PREFIX_HEADER = YES;
				GCC_PREFIX_HEADER = "THDoubleSlider/THDoubleSlider-Prefix.pch";
				INFOPLIST_FILE = "THDoubleSlider/THDoubleSlider-Info.plist";
				PRODUCT_NAME = "$(TARGET_NAME)";
				WRAPPER_EXTENSION = app;
			};
			name = Debug;
		};
		FCD71666E44EDE282CC16FA5 /* Release */ = {
			isa = XCBuildConfiguration;
			buildSettings = {
				BUNDLE_LOADER = "$(BUILT_PRODUCTS_DIR)/THDoubleSlider.app/THDoubleSlider";
				FRAMEWORK_SEARCH_PATHS = (
					"\"$(SDKROOT)/Developer/Library/Frameworks\"",
					"\"$(DEVELOPER_LIBRARY_DIR)/Frameworks\"",
				);
				GCC_PRECOMPILE_PREFIX_HEADER = YES;
				GCC_PREFIX_HEADER = "THDoubleSlider/THDoubleSlider-Prefix.pch";
				INFOPLIST_FILE = "THDoubleSliderTests/THDoubleSliderTests-Info.plist";
				PRODUCT_NAME = "$(TARGET_NAME)";
				TEST_HOST = "$(BUNDLE_LOADER)";
				WRAPPER_EXTENSION = octest;
			};
			name = Release;
		};
		FCD71B050E4B07F8DADAAD78 /* Release */ = {
			isa = XCBuildConfiguration;
			buildSettings = {
				GCC_PRECOMPILE_PREFIX_HEADER = YES;
				GCC_PREFIX_HEADER = "THDoubleSlider/THDoubleSlider-Prefix.pch";
				INFOPLIST_FILE = "THDoubleSlider/THDoubleSlider-Info.plist";
				PRODUCT_NAME = "$(TARGET_NAME)";
				WRAPPER_EXTENSION = app;
			};
			name = Release;
		};
/* End XCBuildConfiguration section */

/* Begin XCConfigurationList section */
		FCD71205E243332D145A44C7 /* Build configuration list for PBXProject "THDoubleSlider" */ = {
			isa = XCConfigurationList;
			buildConfigurations = (
				FCD714D39C97AE539C69AC2F /* Release */,
				FCD712D3A085DC49CFDE3301 /* Debug */,
			);
			defaultConfigurationIsVisible = 0;
			defaultConfigurationName = Release;
		};
		FCD712242019830EA9B79E8B /* Build configuration list for PBXNativeTarget "THDoubleSlider" */ = {
			isa = XCConfigurationList;
			buildConfigurations = (
				FCD71B050E4B07F8DADAAD78 /* Release */,
				FCD714E5432F5573EC39D0C7 /* Debug */,
			);
			defaultConfigurationIsVisible = 0;
			defaultConfigurationName = Release;
		};
		FCD71B806A1D03B5C228FB79 /* Build configuration list for PBXNativeTarget "THDoubleSliderTests" */ = {
			isa = XCConfigurationList;
			buildConfigurations = (
				FCD71666E44EDE282CC16FA5 /* Release */,
				FCD711DAD9145AE287D2DCFD /* Debug */,
			);
			defaultConfigurationIsVisible = 0;
			defaultConfigurationName = Release;
		};
/* End XCConfigurationList section */
	};
	rootObject = FCD716F8D9AC7034989AA4F2 /* Project object */;
}
